# THIS IS AN AUTOGENERATED FILE. DO NOT EDIT THIS FILE DIRECTLY.
# yarn lockfile v1


"@angular/common@6":
  version "6.1.8"
  resolved "https://registry.yarnpkg.com/@angular/common/-/common-6.1.8.tgz#e9106cecd448f24e3a553a6ea9431e113fe3becd"
  dependencies:
    tslib "^1.9.0"

"@angular/core@6":
  version "6.1.8"
  resolved "https://registry.yarnpkg.com/@angular/core/-/core-6.1.8.tgz#2de584e184dc148a55ec153f8125acdf3e88eae6"
  dependencies:
    tslib "^1.9.0"

"@angular/forms@6":
  version "6.1.8"
  resolved "https://registry.yarnpkg.com/@angular/forms/-/forms-6.1.8.tgz#058429b99fc4c6554fe4943a23d4d6221cb1d9ac"
  dependencies:
    tslib "^1.9.0"

"@angular/platform-browser-dynamic@6.1.8":
  version "6.1.8"
  resolved "https://registry.yarnpkg.com/@angular/platform-browser-dynamic/-/platform-browser-dynamic-6.1.8.tgz#a0c523857e9e55343e6e1747052141d870d4e870"
  dependencies:
    tslib "^1.9.0"

"@angular/platform-browser@6.1.8":
  version "6.1.8"
  resolved "https://registry.yarnpkg.com/@angular/platform-browser/-/platform-browser-6.1.8.tgz#2a0340995ee4b67809f10e039a872afb7f228403"
  dependencies:
    tslib "^1.9.0"

"@types/dragula@*":
  version "2.1.33"
  resolved "https://registry.yarnpkg.com/@types/dragula/-/dragula-2.1.33.tgz#63a694bd8a5fb7bfa570778a12a069be98462919"

"@types/highlight.js@*":
  version "9.12.3"
  resolved "https://registry.yarnpkg.com/@types/highlight.js/-/highlight.js-9.12.3.tgz#b672cfaac25cbbc634a0fd92c515f66faa18dbca"

"@types/json5@*":
  version "0.0.30"
  resolved "https://registry.yarnpkg.com/@types/json5/-/json5-0.0.30.tgz#44cb52f32a809734ca562e685c6473b5754a7818"

"@types/markdown-it@*":
  version "0.0.5"
  resolved "https://registry.yarnpkg.com/@types/markdown-it/-/markdown-it-0.0.5.tgz#5cdcbe08e81075d5dbf15466b311359b02a30c2b"

"@types/node@*":
  version "10.10.2"
  resolved "https://registry.yarnpkg.com/@types/node/-/node-10.10.2.tgz#2a55b8d66f6945efc5da38489774e551248aa169"

argparse@^1.0.7:
  version "1.0.10"
  resolved "https://registry.yarnpkg.com/argparse/-/argparse-1.0.10.tgz#bcd6791ea5ae09725e17e5ad988134cd40b3d911"
  dependencies:
    sprintf-js "~1.0.2"

atoa@1.0.0:
  version "1.0.0"
  resolved "https://registry.yarnpkg.com/atoa/-/atoa-1.0.0.tgz#0cc0e91a480e738f923ebc103676471779b34a49"

contra@1.9.4:
  version "1.9.4"
  resolved "https://registry.yarnpkg.com/contra/-/contra-1.9.4.tgz#f53bde42d7e5b5985cae4d99a8d610526de8f28d"
  dependencies:
    atoa "1.0.0"
    ticky "1.0.1"

core-js@2.5.7:
  version "2.5.7"
  resolved "https://registry.yarnpkg.com/core-js/-/core-js-2.5.7.tgz#f972608ff0cead68b841a16a932d0b183791814e"

crossvent@1.5.4:
  version "1.5.4"
  resolved "https://registry.yarnpkg.com/crossvent/-/crossvent-1.5.4.tgz#da2c4f8f40c94782517bf2beec1044148194ab92"
  dependencies:
    custom-event "1.0.0"

custom-event@1.0.0:
  version "1.0.0"
  resolved "https://registry.yarnpkg.com/custom-event/-/custom-event-1.0.0.tgz#2e4628be19dc4b214b5c02630c5971e811618062"

dragula@3.7.2:
  version "3.7.2"
  resolved "https://registry.yarnpkg.com/dragula/-/dragula-3.7.2.tgz#4a35c9d3981ffac1a949c29ca7285058e87393ce"
  dependencies:
    contra "1.9.4"
    crossvent "1.5.4"

entities@~1.1.1:
  version "1.1.1"
  resolved "https://registry.yarnpkg.com/entities/-/entities-1.1.1.tgz#6e5c2d0a5621b5dadaecef80b90edfb5cd7772f0"

file-uploader-angular-component@7:
  version "7.3.0"
  resolved "https://registry.yarnpkg.com/file-uploader-angular-component/-/file-uploader-angular-component-7.3.0.tgz#c060f8b466252fe9fe13a2f389a8f05cafce4998"
  dependencies:
    "@angular/common" "6"
    "@angular/core" "6"
    file-uploader-component "^7.3.0"

file-uploader-component@^7.3.0:
  version "7.3.0"
  resolved "https://registry.yarnpkg.com/file-uploader-component/-/file-uploader-component-7.3.0.tgz#89766a7882cd9e7ef23a9b3de8f68fe4ce53802f"
  dependencies:
    tslib "1"

highlight.js@9.12.0:
  version "9.12.0"
  resolved "https://registry.yarnpkg.com/highlight.js/-/highlight.js-9.12.0.tgz#e6d9dbe57cbefe60751f02af336195870c90c01e"

json5@2:
  version "2.0.1"
  resolved "https://registry.yarnpkg.com/json5/-/json5-2.0.1.tgz#3d6d0d1066039eb50984e66a7840e4f4b7a2c660"
  dependencies:
    minimist "^1.2.0"

linkify-it@^2.0.0:
  version "2.0.3"
  resolved "https://registry.yarnpkg.com/linkify-it/-/linkify-it-2.0.3.tgz#d94a4648f9b1c179d64fa97291268bdb6ce9434f"
  dependencies:
    uc.micro "^1.0.1"

markdown-it@8.4.2:
  version "8.4.2"
  resolved "https://registry.yarnpkg.com/markdown-it/-/markdown-it-8.4.2.tgz#386f98998dc15a37722aa7722084f4020bdd9b54"
  dependencies:
    argparse "^1.0.7"
    entities "~1.1.1"
    linkify-it "^2.0.0"
    mdurl "^1.0.1"
    uc.micro "^1.0.5"

markdown-tip-angular@6:
  version "6.3.0"
  resolved "https://registry.yarnpkg.com/markdown-tip-angular/-/markdown-tip-angular-6.3.0.tgz#32d26e06006073407e12f5e1772aa76a984ead4c"
  dependencies:
    "@angular/common" "6"
    "@angular/core" "6"
    "@angular/forms" "6"
    markdown-tip "^6.3.0"

markdown-tip@^6.3.0:
  version "6.3.0"
  resolved "https://registry.yarnpkg.com/markdown-tip/-/markdown-tip-6.3.0.tgz#ff0dd1fc06a202bc0d11dd85df9bd29993c24132"
  dependencies:
    tslib "1"

mdurl@^1.0.1:
  version "1.0.1"
  resolved "https://registry.yarnpkg.com/mdurl/-/mdurl-1.0.1.tgz#fe85b2ec75a59037f2adfec100fd6c601761152e"

minimist@^1.2.0:
  version "1.2.0"
  resolved "http://registry.npmjs.org/minimist/-/minimist-1.2.0.tgz#a35008b20f41383eec1fb914f4cd5df79a264284"

monaco-editor@0.14.3:
  version "0.14.3"
  resolved "https://registry.yarnpkg.com/monaco-editor/-/monaco-editor-0.14.3.tgz#7cc4a4096a3821f52fea9b10489b527ef3034e22"

rxjs@6.3.2:
  version "6.3.2"
  resolved "https://registry.yarnpkg.com/rxjs/-/rxjs-6.3.2.tgz#6a688b16c4e6e980e62ea805ec30648e1c60907f"
  dependencies:
    tslib "^1.9.0"

select2-angular-component@5:
  version "5.4.0"
  resolved "https://registry.yarnpkg.com/select2-angular-component/-/select2-angular-component-5.4.0.tgz#8749a343d6414c810ee614f5421e6e19dbdcf30f"
  dependencies:
    "@angular/common" "6"
    "@angular/core" "6"
    "@angular/forms" "6"
    select2-component "^5.4.0"

select2-component@^5.4.0:
  version "5.4.0"
  resolved "https://registry.yarnpkg.com/select2-component/-/select2-component-5.4.0.tgz#0a286d9ac0743e40d0e01f4a6da838702e14d5c3"
  dependencies:
    "@types/node" "*"
    tslib "1"

sprintf-js@~1.0.2:
  version "1.0.3"
  resolved "https://registry.yarnpkg.com/sprintf-js/-/sprintf-js-1.0.3.tgz#04e6926f662895354f3dd015203633b857297e2c"

ticky@1.0.1:
  version "1.0.1"
  resolved "https://registry.yarnpkg.com/ticky/-/ticky-1.0.1.tgz#b7cfa71e768f1c9000c497b9151b30947c50e46d"

tslib@1, tslib@^1.9.0:
  version "1.9.3"
  resolved "https://registry.yarnpkg.com/tslib/-/tslib-1.9.3.tgz#d7e4dd79245d85428c4d7e4822a79917954ca286"

uc.micro@^1.0.1, uc.micro@^1.0.5:
  version "1.0.5"
  resolved "https://registry.yarnpkg.com/uc.micro/-/uc.micro-1.0.5.tgz#0c65f15f815aa08b560a61ce8b4db7ffc3f45376"

zone.js@0.8.26:
  version "0.8.26"
  resolved "https://registry.yarnpkg.com/zone.js/-/zone.js-0.8.26.tgz#7bdd72f7668c5a7ad6b118148b4ea39c59d08d2d"
