# THIS IS AN AUTOGENERATED FILE. DO NOT EDIT THIS FILE DIRECTLY.
# yarn lockfile v1


"@angular/common@5":
  version "5.2.7"
  resolved "https://registry.yarnpkg.com/@angular/common/-/common-5.2.7.tgz#11bb9f00afe91af8d772ecdff83c2e179f9a67a0"
  dependencies:
    tslib "^1.7.1"

"@angular/core@5":
  version "5.2.7"
  resolved "https://registry.yarnpkg.com/@angular/core/-/core-5.2.7.tgz#e5607fc39d90f9fe4fbaaeeeb6cdb9371966bfe3"
  dependencies:
    tslib "^1.7.1"

"@angular/forms@5":
  version "5.2.7"
  resolved "https://registry.yarnpkg.com/@angular/forms/-/forms-5.2.7.tgz#a0c41fdb6b8ba2c32653cc3058d5fa47db91fbf8"
  dependencies:
    tslib "^1.7.1"

"@angular/platform-browser-dynamic@5.2.6":
  version "5.2.6"
  resolved "https://registry.yarnpkg.com/@angular/platform-browser-dynamic/-/platform-browser-dynamic-5.2.6.tgz#8795cca57306b7bdc2bc166d3928bc8eb145125c"
  dependencies:
    tslib "^1.7.1"

"@angular/platform-browser@5.2.6":
  version "5.2.6"
  resolved "https://registry.yarnpkg.com/@angular/platform-browser/-/platform-browser-5.2.6.tgz#ecb8a6d37506ffb3f181ea10696a3c7feaf1674c"
  dependencies:
    tslib "^1.7.1"

"@types/dragula@*":
  version "2.1.32"
  resolved "https://registry.yarnpkg.com/@types/dragula/-/dragula-2.1.32.tgz#78c1f730ca9b50e3185b238673d74df14d725154"

"@types/highlight.js@*":
  version "9.12.2"
  resolved "https://registry.yarnpkg.com/@types/highlight.js/-/highlight.js-9.12.2.tgz#6ee7cd395effe5ec80b515d3ff1699068cd0cd1d"

"@types/markdown-it@*":
  version "0.0.4"
  resolved "https://registry.yarnpkg.com/@types/markdown-it/-/markdown-it-0.0.4.tgz#c5f67365916044b342dae8d702724788ba0b5b74"

"@types/node@*":
  version "9.4.6"
  resolved "https://registry.yarnpkg.com/@types/node/-/node-9.4.6.tgz#d8176d864ee48753d053783e4e463aec86b8d82e"

argparse@^1.0.7:
  version "1.0.10"
  resolved "https://registry.yarnpkg.com/argparse/-/argparse-1.0.10.tgz#bcd6791ea5ae09725e17e5ad988134cd40b3d911"
  dependencies:
    sprintf-js "~1.0.2"

atoa@1.0.0:
  version "1.0.0"
  resolved "https://registry.yarnpkg.com/atoa/-/atoa-1.0.0.tgz#0cc0e91a480e738f923ebc103676471779b34a49"

contra@1.9.4:
  version "1.9.4"
  resolved "https://registry.yarnpkg.com/contra/-/contra-1.9.4.tgz#f53bde42d7e5b5985cae4d99a8d610526de8f28d"
  dependencies:
    atoa "1.0.0"
    ticky "1.0.1"

core-js@2.5.3:
  version "2.5.3"
  resolved "https://registry.yarnpkg.com/core-js/-/core-js-2.5.3.tgz#8acc38345824f16d8365b7c9b4259168e8ed603e"

crossvent@1.5.4:
  version "1.5.4"
  resolved "https://registry.yarnpkg.com/crossvent/-/crossvent-1.5.4.tgz#da2c4f8f40c94782517bf2beec1044148194ab92"
  dependencies:
    custom-event "1.0.0"

custom-event@1.0.0:
  version "1.0.0"
  resolved "https://registry.yarnpkg.com/custom-event/-/custom-event-1.0.0.tgz#2e4628be19dc4b214b5c02630c5971e811618062"

dragula@3.7.2:
  version "3.7.2"
  resolved "https://registry.yarnpkg.com/dragula/-/dragula-3.7.2.tgz#4a35c9d3981ffac1a949c29ca7285058e87393ce"
  dependencies:
    contra "1.9.4"
    crossvent "1.5.4"

entities@~1.1.1:
  version "1.1.1"
  resolved "https://registry.yarnpkg.com/entities/-/entities-1.1.1.tgz#6e5c2d0a5621b5dadaecef80b90edfb5cd7772f0"

file-uploader-angular-component@7:
  version "7.1.4"
  resolved "https://registry.yarnpkg.com/file-uploader-angular-component/-/file-uploader-angular-component-7.1.4.tgz#ed01e6bca229c04423f0fe5c222d7ef89de49014"
  dependencies:
    "@angular/common" "5"
    "@angular/core" "5"
    file-uploader-component "^7.1.4"

file-uploader-component@^7.1.4:
  version "7.1.4"
  resolved "https://registry.yarnpkg.com/file-uploader-component/-/file-uploader-component-7.1.4.tgz#bb65ffa7f325d15cf162a95aa137e98d971fbab7"
  dependencies:
    tslib "1"

highlight.js@9.12.0:
  version "9.12.0"
  resolved "https://registry.yarnpkg.com/highlight.js/-/highlight.js-9.12.0.tgz#e6d9dbe57cbefe60751f02af336195870c90c01e"

linkify-it@^2.0.0:
  version "2.0.3"
  resolved "https://registry.yarnpkg.com/linkify-it/-/linkify-it-2.0.3.tgz#d94a4648f9b1c179d64fa97291268bdb6ce9434f"
  dependencies:
    uc.micro "^1.0.1"

markdown-it@8.4.1:
  version "8.4.1"
  resolved "https://registry.yarnpkg.com/markdown-it/-/markdown-it-8.4.1.tgz#206fe59b0e4e1b78a7c73250af9b34a4ad0aaf44"
  dependencies:
    argparse "^1.0.7"
    entities "~1.1.1"
    linkify-it "^2.0.0"
    mdurl "^1.0.1"
    uc.micro "^1.0.5"

markdown-tip-angular@6:
  version "6.1.2"
  resolved "https://registry.yarnpkg.com/markdown-tip-angular/-/markdown-tip-angular-6.1.2.tgz#8ae36621bc1069d4f67807ae04e76f0848889b30"
  dependencies:
    "@angular/common" "5"
    "@angular/core" "5"
    "@angular/forms" "5"
    markdown-tip "^6.1.1"

markdown-tip@^6.1.1:
  version "6.1.1"
  resolved "https://registry.yarnpkg.com/markdown-tip/-/markdown-tip-6.1.1.tgz#bd2089398999733161584ad061d5d2159f2b0985"
  dependencies:
    tslib "1"

mdurl@^1.0.1:
  version "1.0.1"
  resolved "https://registry.yarnpkg.com/mdurl/-/mdurl-1.0.1.tgz#fe85b2ec75a59037f2adfec100fd6c601761152e"

rxjs@5.5.6:
  version "5.5.6"
  resolved "https://registry.yarnpkg.com/rxjs/-/rxjs-5.5.6.tgz#e31fb96d6fd2ff1fd84bcea8ae9c02d007179c02"
  dependencies:
    symbol-observable "1.0.1"

select2-angular-component@5:
  version "5.1.3"
  resolved "https://registry.yarnpkg.com/select2-angular-component/-/select2-angular-component-5.1.3.tgz#d8037687bf80e75c1ed773829600758e1aabab3d"
  dependencies:
    "@angular/common" "5"
    "@angular/core" "5"
    "@angular/forms" "5"
    select2-component "^5.1.3"

select2-component@^5.1.3:
  version "5.1.3"
  resolved "https://registry.yarnpkg.com/select2-component/-/select2-component-5.1.3.tgz#c0b302e603b0feaec5489cd4690fb8ef3e1ddcb5"
  dependencies:
    "@types/node" "*"
    tslib "1"

sprintf-js@~1.0.2:
  version "1.0.3"
  resolved "https://registry.yarnpkg.com/sprintf-js/-/sprintf-js-1.0.3.tgz#04e6926f662895354f3dd015203633b857297e2c"

symbol-observable@1.0.1:
  version "1.0.1"
  resolved "https://registry.yarnpkg.com/symbol-observable/-/symbol-observable-1.0.1.tgz#8340fc4702c3122df5d22288f88283f513d3fdd4"

ticky@1.0.1:
  version "1.0.1"
  resolved "https://registry.yarnpkg.com/ticky/-/ticky-1.0.1.tgz#b7cfa71e768f1c9000c497b9151b30947c50e46d"

tslib@1, tslib@^1.7.1:
  version "1.9.0"
  resolved "https://registry.yarnpkg.com/tslib/-/tslib-1.9.0.tgz#e37a86fda8cbbaf23a057f473c9f4dc64e5fc2e8"

uc.micro@^1.0.1, uc.micro@^1.0.5:
  version "1.0.5"
  resolved "https://registry.yarnpkg.com/uc.micro/-/uc.micro-1.0.5.tgz#0c65f15f815aa08b560a61ce8b4db7ffc3f45376"

zone.js@0.8.20:
  version "0.8.20"
  resolved "https://registry.yarnpkg.com/zone.js/-/zone.js-0.8.20.tgz#a218c48db09464b19ff6fc8f0d4bb5b1046e185d"
