# THIS IS AN AUTOGENERATED FILE. DO NOT EDIT THIS FILE DIRECTLY.
# yarn lockfile v1


"@angular/common@7":
  version "7.2.15"
  resolved "https://registry.yarnpkg.com/@angular/common/-/common-7.2.15.tgz#e6c2f6913cdc49f87adcaabc30604e721561374b"
  integrity sha512-2b5JY2HWVHCf3D1GZjmde7jdAXSTXkYtmjLtA9tQkjOOTr80eHpNSujQqnzb97dk9VT9OjfjqTQd7K3pxZz8jw==
  dependencies:
    tslib "^1.9.0"

"@angular/core@7":
  version "7.2.15"
  resolved "https://registry.yarnpkg.com/@angular/core/-/core-7.2.15.tgz#c00d4be0ebe95b70f7631154169509cc97934e9a"
  integrity sha512-XsuYm0jEU/mOqwDOk2utThv8J9kESkAerfuCHClE9rB2TtHUOGCfekF7lJWqjjypu6/J9ygoPFo7hdAE058ZGg==
  dependencies:
    tslib "^1.9.0"

"@angular/forms@7":
  version "7.2.15"
  resolved "https://registry.yarnpkg.com/@angular/forms/-/forms-7.2.15.tgz#6b6e10b5f4687b6be3081abcc02a055b3ceeb6d8"
  integrity sha512-p0kcIQLtBBC1qeTA6M3nOuXf/k91E80FKquVM9zEsO2kDjI0oZJVfFYL2UMov5samlJOPN+t6lRHEIUa7ApPsw==
  dependencies:
    tslib "^1.9.0"

"@angular/platform-browser-dynamic@7.2.15":
  version "7.2.15"
  resolved "https://registry.yarnpkg.com/@angular/platform-browser-dynamic/-/platform-browser-dynamic-7.2.15.tgz#e697159b565ef78bd7d276fa876d099172ad8735"
  integrity sha512-UL2PqhzXMD769NQ6Lh6pxlBDKvN9Qol3XLRFil80lwJ1GRW16ITeYbCamcafIH2GOyd88IhmYcbMfUQ/6q4MMQ==
  dependencies:
    tslib "^1.9.0"

"@angular/platform-browser@7.2.15":
  version "7.2.15"
  resolved "https://registry.yarnpkg.com/@angular/platform-browser/-/platform-browser-7.2.15.tgz#d6df74c427453e563c12bc2ec03a83bf10bb3805"
  integrity sha512-aYgmPsbC9Tvp9vmKWD8voeAp4crwCay7/D6lM3ClEe2EeK934LuEXq3/uczMrFVbnIX7BBIo8fh03Tl7wbiGPw==
  dependencies:
    tslib "^1.9.0"

"@types/dragula@*":
  version "2.1.34"
  resolved "https://registry.yarnpkg.com/@types/dragula/-/dragula-2.1.34.tgz#48ecf8627860e6179efc222dd5390b37dbd42d9d"
  integrity sha512-tZbauiqJgEpKKtBQI8pQ24FrkDNGhiXCFsygqQPeAJTPJJC1RI0BOmHv7VHI9qDehhXXffq9aJEUhqEQyY/PVA==

"@types/highlight.js@*":
  version "9.12.3"
  resolved "https://registry.yarnpkg.com/@types/highlight.js/-/highlight.js-9.12.3.tgz#b672cfaac25cbbc634a0fd92c515f66faa18dbca"
  integrity sha512-pGF/zvYOACZ/gLGWdQH8zSwteQS1epp68yRcVLJMgUck/MjEn/FBYmPub9pXT8C1e4a8YZfHo1CKyV8q1vKUnQ==

"@types/json5@*":
  version "0.0.30"
  resolved "https://registry.yarnpkg.com/@types/json5/-/json5-0.0.30.tgz#44cb52f32a809734ca562e685c6473b5754a7818"
  integrity sha512-sqm9g7mHlPY/43fcSNrCYfOeX9zkTTK+euO5E6+CVijSMm5tTjkVdwdqRkY3ljjIAf8679vps5jKUoJBCLsMDA==

"@types/linkify-it@*":
  version "2.1.0"
  resolved "https://registry.yarnpkg.com/@types/linkify-it/-/linkify-it-2.1.0.tgz#ea3dd64c4805597311790b61e872cbd1ed2cd806"
  integrity sha512-Q7DYAOi9O/+cLLhdaSvKdaumWyHbm7HAk/bFwwyTuU0arR5yyCeW5GOoqt4tJTpDRxhpx9Q8kQL6vMpuw9hDSw==

"@types/markdown-it@*":
  version "0.0.7"
  resolved "https://registry.yarnpkg.com/@types/markdown-it/-/markdown-it-0.0.7.tgz#75070485a3d8ad11e7deb8287f4430be15bf4d39"
  integrity sha512-WyL6pa76ollQFQNEaLVa41ZUUvDvPY+qAUmlsphnrpL6I9p1m868b26FyeoOmo7X3/Ta/S9WKXcEYXUSHnxoVQ==
  dependencies:
    "@types/linkify-it" "*"

"@types/node@*":
  version "12.0.0"
  resolved "https://registry.yarnpkg.com/@types/node/-/node-12.0.0.tgz#d11813b9c0ff8aaca29f04cbc12817f4c7d656e5"
  integrity sha512-Jrb/x3HT4PTJp6a4avhmJCDEVrPdqLfl3e8GGMbpkGGdwAV5UGlIs4vVEfsHHfylZVOKZWpOqmqFH8CbfOZ6kg==

argparse@^1.0.7:
  version "1.0.10"
  resolved "https://registry.yarnpkg.com/argparse/-/argparse-1.0.10.tgz#bcd6791ea5ae09725e17e5ad988134cd40b3d911"
  integrity sha512-o5Roy6tNG4SL/FOkCAN6RzjiakZS25RLYFrcMttJqbdd8BWrnA+fGz57iN5Pb06pvBGvl5gQ0B48dJlslXvoTg==
  dependencies:
    sprintf-js "~1.0.2"

atoa@1.0.0:
  version "1.0.0"
  resolved "https://registry.yarnpkg.com/atoa/-/atoa-1.0.0.tgz#0cc0e91a480e738f923ebc103676471779b34a49"
  integrity sha1-DMDpGkgOc4+SPrwQNnZHF3mzSkk=

contra@1.9.4:
  version "1.9.4"
  resolved "https://registry.yarnpkg.com/contra/-/contra-1.9.4.tgz#f53bde42d7e5b5985cae4d99a8d610526de8f28d"
  integrity sha1-9TveQtfltZhcrk2ZqNYQUm3o8o0=
  dependencies:
    atoa "1.0.0"
    ticky "1.0.1"

core-js@3.0.1:
  version "3.0.1"
  resolved "https://registry.yarnpkg.com/core-js/-/core-js-3.0.1.tgz#1343182634298f7f38622f95e73f54e48ddf4738"
  integrity sha512-sco40rF+2KlE0ROMvydjkrVMMG1vYilP2ALoRXcYR4obqbYIuV3Bg+51GEDW+HF8n7NRA+iaA4qD0nD9lo9mew==

crossvent@1.5.4:
  version "1.5.4"
  resolved "https://registry.yarnpkg.com/crossvent/-/crossvent-1.5.4.tgz#da2c4f8f40c94782517bf2beec1044148194ab92"
  integrity sha1-2ixPj0DJR4JRe/K+7BBEFIGUq5I=
  dependencies:
    custom-event "1.0.0"

custom-event@1.0.0:
  version "1.0.0"
  resolved "https://registry.yarnpkg.com/custom-event/-/custom-event-1.0.0.tgz#2e4628be19dc4b214b5c02630c5971e811618062"
  integrity sha1-LkYovhncSyFLXAJjDFlx6BFhgGI=

dragula@3.7.2:
  version "3.7.2"
  resolved "https://registry.yarnpkg.com/dragula/-/dragula-3.7.2.tgz#4a35c9d3981ffac1a949c29ca7285058e87393ce"
  integrity sha1-SjXJ05gf+sGpScKcpyhQWOhzk84=
  dependencies:
    contra "1.9.4"
    crossvent "1.5.4"

entities@~1.1.1:
  version "1.1.2"
  resolved "https://registry.yarnpkg.com/entities/-/entities-1.1.2.tgz#bdfa735299664dfafd34529ed4f8522a275fea56"
  integrity sha512-f2LZMYl1Fzu7YSBKg+RoROelpOaNrcGmE9AZubeDfrCEia483oW4MI4VyFd5VNHIgQ/7qm1I0wUHK1eJnn2y2w==

file-uploader-angular-component@7:
  version "7.5.0"
  resolved "https://registry.yarnpkg.com/file-uploader-angular-component/-/file-uploader-angular-component-7.5.0.tgz#ce3c593f5baa321686ccea20784aac318d51e32f"
  integrity sha512-4d4yVO02jr0QjajWmOvhzdq4Q+IHDhNwYbn3fdYodbJjwqoA2J2PMBQzJNELRsPLpG1u4/QiOXepHeD0pRSqKA==
  dependencies:
    "@angular/common" "7"
    "@angular/core" "7"
    file-uploader-component "^7.4.1"

file-uploader-component@^7.4.1:
  version "7.4.1"
  resolved "https://registry.yarnpkg.com/file-uploader-component/-/file-uploader-component-7.4.1.tgz#4ea39dbfb38475a89a2f7ea1fc2888f5aabe5cb6"
  integrity sha512-iflocSWrW64Ng6PRfV6d7BDTZvS+tW7NGfM/ZhAtLt37drYI6g+ciz7kyIIyPgYREyAQWVSAb6mQ1p3FiUgVGQ==
  dependencies:
    tslib "1"

highlight.js@9.15.6:
  version "9.15.6"
  resolved "https://registry.yarnpkg.com/highlight.js/-/highlight.js-9.15.6.tgz#72d4d8d779ec066af9a17cb14360c3def0aa57c4"
  integrity sha512-zozTAWM1D6sozHo8kqhfYgsac+B+q0PmsjXeyDrYIHHcBN0zTVT66+s2GW1GZv7DbyaROdLXKdabwS/WqPyIdQ==

json5@2:
  version "2.1.0"
  resolved "https://registry.yarnpkg.com/json5/-/json5-2.1.0.tgz#e7a0c62c48285c628d20a10b85c89bb807c32850"
  integrity sha512-8Mh9h6xViijj36g7Dxi+Y4S6hNGV96vcJZr/SrlHh1LR/pEn/8j/+qIBbs44YKl69Lrfctp4QD+AdWLTMqEZAQ==
  dependencies:
    minimist "^1.2.0"

linkify-it@^2.0.0:
  version "2.1.0"
  resolved "https://registry.yarnpkg.com/linkify-it/-/linkify-it-2.1.0.tgz#c4caf38a6cd7ac2212ef3c7d2bde30a91561f9db"
  integrity sha512-4REs8/062kV2DSHxNfq5183zrqXMl7WP0WzABH9IeJI+NLm429FgE1PDecltYfnOoFDFlZGh2T8PfZn0r+GTRg==
  dependencies:
    uc.micro "^1.0.1"

markdown-it@8.4.2:
  version "8.4.2"
  resolved "https://registry.yarnpkg.com/markdown-it/-/markdown-it-8.4.2.tgz#386f98998dc15a37722aa7722084f4020bdd9b54"
  integrity sha512-GcRz3AWTqSUphY3vsUqQSFMbgR38a4Lh3GWlHRh/7MRwz8mcu9n2IO7HOh+bXHrR9kOPDl5RNCaEsrneb+xhHQ==
  dependencies:
    argparse "^1.0.7"
    entities "~1.1.1"
    linkify-it "^2.0.0"
    mdurl "^1.0.1"
    uc.micro "^1.0.5"

markdown-tip-angular@6:
  version "6.4.1"
  resolved "https://registry.yarnpkg.com/markdown-tip-angular/-/markdown-tip-angular-6.4.1.tgz#cbd6e6f1881d74c6e3c6abaaf96de1cc5bd8582e"
  integrity sha512-p/fY7BFv7ZbH6/UzNlrLCZz5i5aREkhtEzlGBaCI1oNKrVrdD9Cfs+cYWXLwP7UiOLOb5oNDr7e/Ru8PP20Uww==
  dependencies:
    "@angular/common" "7"
    "@angular/core" "7"
    "@angular/forms" "7"
    markdown-tip "^6.4.1"

markdown-tip@^6.4.1:
  version "6.4.1"
  resolved "https://registry.yarnpkg.com/markdown-tip/-/markdown-tip-6.4.1.tgz#b30c4aa264759145710d8c9fb3a0b117ebe63b24"
  integrity sha512-V1S5vdpt7mDWJNcc4ukIg/MqVVZO11dSS/KLdT9TqRAw9D9Z36El1tOCMjf7s9jU9iJVVlnrvDQ6pn38pzLZFg==
  dependencies:
    tslib "1"

mdurl@^1.0.1:
  version "1.0.1"
  resolved "https://registry.yarnpkg.com/mdurl/-/mdurl-1.0.1.tgz#fe85b2ec75a59037f2adfec100fd6c601761152e"
  integrity sha1-/oWy7HWlkDfyrf7BAP1sYBdhFS4=

minimist@^1.2.0:
  version "1.2.0"
  resolved "https://registry.yarnpkg.com/minimist/-/minimist-1.2.0.tgz#a35008b20f41383eec1fb914f4cd5df79a264284"
  integrity sha1-o1AIsg9BOD7sH7kU9M1d95omQoQ=

monaco-editor@0.17.0:
  version "0.17.0"
  resolved "https://registry.yarnpkg.com/monaco-editor/-/monaco-editor-0.17.0.tgz#d1d035c6f512ab88503cbee8213cab34b85ab954"
  integrity sha512-8BQQHCFxy3DF0GYFOy5BmcCWlwm/XaTMPbPbN4gwItFGctZErSfX82uQSBpojJSlPNyudB5Q5qnukoorD3/UuA==

rxjs@6.5.2:
  version "6.5.2"
  resolved "https://registry.yarnpkg.com/rxjs/-/rxjs-6.5.2.tgz#2e35ce815cd46d84d02a209fb4e5921e051dbec7"
  integrity sha512-HUb7j3kvb7p7eCUHE3FqjoDsC1xfZQ4AHFWfTKSpZ+sAhhz5X1WX0ZuUqWbzB2QhSLp3DoLUG+hMdEDKqWo2Zg==
  dependencies:
    tslib "^1.9.0"

select2-angular-component@5:
  version "5.5.1"
  resolved "https://registry.yarnpkg.com/select2-angular-component/-/select2-angular-component-5.5.1.tgz#ad3a6cf16682869d77c628ce22dc74a89ef48859"
  integrity sha512-IYC4CtJzUfv4Sa1tohT+yJPNdSENexQ0//fB3NL8C/A4HF4h12bBHoH5eWMsIpIu8uPXcGrt50s6wHUXt/Auyw==
  dependencies:
    "@angular/common" "7"
    "@angular/core" "7"
    "@angular/forms" "7"
    select2-component "^5.5.1"

select2-component@^5.5.1:
  version "5.5.1"
  resolved "https://registry.yarnpkg.com/select2-component/-/select2-component-5.5.1.tgz#7e09d947dcbc707402dd8731cdb450f7d21e953f"
  integrity sha512-5q5JoBQh9kJOatW1ZEsOmkkGhB/6Dfr/FAtYOtBwaRECEIzM5PsBLCi2+Crfy9jN08/ySbOWEgce3ff9maw9oQ==
  dependencies:
    "@types/node" "*"
    tslib "1"

sprintf-js@~1.0.2:
  version "1.0.3"
  resolved "https://registry.yarnpkg.com/sprintf-js/-/sprintf-js-1.0.3.tgz#04e6926f662895354f3dd015203633b857297e2c"
  integrity sha1-BOaSb2YolTVPPdAVIDYzuFcpfiw=

ticky@1.0.1:
  version "1.0.1"
  resolved "https://registry.yarnpkg.com/ticky/-/ticky-1.0.1.tgz#b7cfa71e768f1c9000c497b9151b30947c50e46d"
  integrity sha1-t8+nHnaPHJAAxJe5FRswlHxQ5G0=

tslib@1, tslib@^1.9.0:
  version "1.9.3"
  resolved "https://registry.yarnpkg.com/tslib/-/tslib-1.9.3.tgz#d7e4dd79245d85428c4d7e4822a79917954ca286"
  integrity sha512-4krF8scpejhaOgqzBEcGM7yDIEfi0/8+8zDRZhNZZ2kjmHJ4hv3zCbQWxoJGz1iw5U0Jl0nma13xzHXcncMavQ==

uc.micro@^1.0.1, uc.micro@^1.0.5:
  version "1.0.6"
  resolved "https://registry.yarnpkg.com/uc.micro/-/uc.micro-1.0.6.tgz#9c411a802a409a91fc6cf74081baba34b24499ac"
  integrity sha512-8Y75pvTYkLJW2hWQHXxoqRgV7qb9B+9vFEtidML+7koHUFapnVJAZ6cKs+Qjz5Aw3aZWHMC6u0wJE3At+nSGwA==

zone.js@0.9.1:
  version "0.9.1"
  resolved "https://registry.yarnpkg.com/zone.js/-/zone.js-0.9.1.tgz#e37c6e5c54c13fae4de26b5ffe8d8e9212da6d9b"
  integrity sha512-GkPiJL8jifSrKReKaTZ5jkhrMEgXbXYC+IPo1iquBjayRa0q86w3Dipjn8b415jpitMExe9lV8iTsv8tk3DGag==
