# THIS IS AN AUTOGENERATED FILE. DO NOT EDIT THIS FILE DIRECTLY.
# yarn lockfile v1


"@blueprintjs/core@2.2.1":
  version "2.2.1"
  resolved "https://registry.yarnpkg.com/@blueprintjs/core/-/core-2.2.1.tgz#5dd8ef22b2a4bd6f180ef587bc8bebee20ec137f"
  dependencies:
    "@blueprintjs/icons" "^2.1.1"
    "@types/dom4" "^2.0.0"
    classnames "^2.2"
    dom4 "^2.0.1"
    normalize.css "^8.0.0"
    popper.js "^1.14.1"
    react-popper "^0.8.2"
    tslib "^1.9.0"

"@blueprintjs/icons@^2.1.1":
  version "2.1.1"
  resolved "https://registry.yarnpkg.com/@blueprintjs/icons/-/icons-2.1.1.tgz#426b0291baf198e0181ae8f49bb5c2bc0bb55e9f"
  dependencies:
    classnames "^2.2"
    tslib "^1.9.0"

"@types/dom4@^2.0.0":
  version "2.0.0"
  resolved "https://registry.yarnpkg.com/@types/dom4/-/dom4-2.0.0.tgz#00dc42fed6b36a7a6dabb8f7a9c9e678ee644e05"

"@types/node@*":
  version "9.6.6"
  resolved "https://registry.yarnpkg.com/@types/node/-/node-9.6.6.tgz#439b91f9caf3983cad2eef1e11f6bedcbf9431d2"

add-dom-event-listener@1.x:
  version "1.0.2"
  resolved "https://registry.yarnpkg.com/add-dom-event-listener/-/add-dom-event-listener-1.0.2.tgz#8faed2c41008721cf111da1d30d995b85be42bed"
  dependencies:
    object-assign "4.x"

antd@3.4.1:
  version "3.4.1"
  resolved "https://registry.yarnpkg.com/antd/-/antd-3.4.1.tgz#9f93c712e14d692a3db70fa3f254c79874cd3822"
  dependencies:
    array-tree-filter "^2.0.0"
    babel-runtime "6.x"
    classnames "~2.2.0"
    create-react-class "^15.6.0"
    css-animation "^1.2.5"
    dom-closest "^0.2.0"
    enquire.js "^2.1.1"
    lodash "^4.17.5"
    moment "^2.19.3"
    omit.js "^1.0.0"
    prop-types "^15.5.7"
    rc-animate "^2.4.1"
    rc-calendar "~9.6.0"
    rc-cascader "~0.12.0"
    rc-checkbox "~2.1.5"
    rc-collapse "~1.8.0"
    rc-dialog "~7.1.0"
    rc-dropdown "~2.1.0"
    rc-editor-mention "^1.0.2"
    rc-form "^2.1.0"
    rc-input-number "~4.0.0"
    rc-menu "~6.2.0"
    rc-notification "~3.0.0"
    rc-pagination "~1.16.1"
    rc-progress "~2.2.2"
    rc-rate "~2.4.0"
    rc-select "~7.7.0"
    rc-slider "~8.6.0"
    rc-steps "~3.1.0"
    rc-switch "~1.6.0"
    rc-table "~6.1.0"
    rc-tabs "~9.2.0"
    rc-time-picker "~3.3.0"
    rc-tooltip "~3.7.0"
    rc-tree "~1.8.0"
    rc-tree-select "~1.12.0"
    rc-upload "~2.4.0"
    rc-util "^4.0.4"
    react-lazy-load "^3.0.12"
    react-slick "~0.22.3"
    shallowequal "^1.0.1"
    warning "~3.0.0"

argparse@^1.0.7:
  version "1.0.10"
  resolved "https://registry.yarnpkg.com/argparse/-/argparse-1.0.10.tgz#bcd6791ea5ae09725e17e5ad988134cd40b3d911"
  dependencies:
    sprintf-js "~1.0.2"

array-tree-filter@^1.0.0:
  version "1.0.1"
  resolved "https://registry.yarnpkg.com/array-tree-filter/-/array-tree-filter-1.0.1.tgz#0a8ad1eefd38ce88858632f9cc0423d7634e4d5d"

array-tree-filter@^2.0.0:
  version "2.1.0"
  resolved "https://registry.yarnpkg.com/array-tree-filter/-/array-tree-filter-2.1.0.tgz#873ac00fec83749f255ac8dd083814b4f6329190"

asap@~2.0.3:
  version "2.0.6"
  resolved "https://registry.yarnpkg.com/asap/-/asap-2.0.6.tgz#e50347611d7e690943208bbdafebcbc2fb866d46"

async-validator@1.x, async-validator@^1.8.2, async-validator@~1.8.1:
  version "1.8.2"
  resolved "https://registry.yarnpkg.com/async-validator/-/async-validator-1.8.2.tgz#b77597226e96242f8d531c0d46ae295f62422ba4"
  dependencies:
    babel-runtime "6.x"

atoa@1.0.0:
  version "1.0.0"
  resolved "https://registry.yarnpkg.com/atoa/-/atoa-1.0.0.tgz#0cc0e91a480e738f923ebc103676471779b34a49"

babel-helper-vue-jsx-merge-props@^2.0.0:
  version "2.0.3"
  resolved "https://registry.yarnpkg.com/babel-helper-vue-jsx-merge-props/-/babel-helper-vue-jsx-merge-props-2.0.3.tgz#22aebd3b33902328e513293a8e4992b384f9f1b6"

babel-runtime@6.x, babel-runtime@^6.23.0, babel-runtime@^6.26.0:
  version "6.26.0"
  resolved "https://registry.yarnpkg.com/babel-runtime/-/babel-runtime-6.26.0.tgz#965c7058668e82b55d7bfe04ff2337bc8b5647fe"
  dependencies:
    core-js "^2.4.0"
    regenerator-runtime "^0.11.0"

batch-processor@^1.0.0:
  version "1.0.0"
  resolved "https://registry.yarnpkg.com/batch-processor/-/batch-processor-1.0.0.tgz#75c95c32b748e0850d10c2b168f6bdbe9891ace8"

bootstrap@4.1.0:
  version "4.1.0"
  resolved "https://registry.yarnpkg.com/bootstrap/-/bootstrap-4.1.0.tgz#110b05c31a236d56dbc9adcda6dd16f53738a28a"

can-use-dom@^0.1.0:
  version "0.1.0"
  resolved "https://registry.yarnpkg.com/can-use-dom/-/can-use-dom-0.1.0.tgz#22cc4a34a0abc43950f42c6411024a3f6366b45a"

classnames@2.x, classnames@^2.2, classnames@^2.2.0, classnames@^2.2.1, classnames@^2.2.3, classnames@^2.2.5, classnames@~2.2.0:
  version "2.2.5"
  resolved "https://registry.yarnpkg.com/classnames/-/classnames-2.2.5.tgz#fb3801d453467649ef3603c7d61a02bd129bde6d"

component-classes@1.x, component-classes@^1.2.5, component-classes@^1.2.6:
  version "1.2.6"
  resolved "https://registry.yarnpkg.com/component-classes/-/component-classes-1.2.6.tgz#c642394c3618a4d8b0b8919efccbbd930e5cd691"
  dependencies:
    component-indexof "0.0.3"

component-indexof@0.0.3:
  version "0.0.3"
  resolved "https://registry.yarnpkg.com/component-indexof/-/component-indexof-0.0.3.tgz#11d091312239eb8f32c8f25ae9cb002ffe8d3c24"

contra@1.9.4:
  version "1.9.4"
  resolved "https://registry.yarnpkg.com/contra/-/contra-1.9.4.tgz#f53bde42d7e5b5985cae4d99a8d610526de8f28d"
  dependencies:
    atoa "1.0.0"
    ticky "1.0.1"

core-js@^1.0.0:
  version "1.2.7"
  resolved "https://registry.yarnpkg.com/core-js/-/core-js-1.2.7.tgz#652294c14651db28fa93bd2d5ff2983a4f08c636"

core-js@^2.4.0:
  version "2.5.5"
  resolved "https://registry.yarnpkg.com/core-js/-/core-js-2.5.5.tgz#b14dde936c640c0579a6b50cabcc132dd6127e3b"

create-react-class@15.x, create-react-class@^15.5.2, create-react-class@^15.5.3, create-react-class@^15.6.0:
  version "15.6.3"
  resolved "https://registry.yarnpkg.com/create-react-class/-/create-react-class-15.6.3.tgz#2d73237fb3f970ae6ebe011a9e66f46dbca80036"
  dependencies:
    fbjs "^0.8.9"
    loose-envify "^1.3.1"
    object-assign "^4.1.1"

crossvent@1.5.4:
  version "1.5.4"
  resolved "https://registry.yarnpkg.com/crossvent/-/crossvent-1.5.4.tgz#da2c4f8f40c94782517bf2beec1044148194ab92"
  dependencies:
    custom-event "1.0.0"

css-animation@1.x, css-animation@^1.2.5, css-animation@^1.3.2:
  version "1.4.1"
  resolved "https://registry.yarnpkg.com/css-animation/-/css-animation-1.4.1.tgz#5b8813125de0fbbbb0bbe1b472ae84221469b7a8"
  dependencies:
    babel-runtime "6.x"
    component-classes "^1.2.5"

custom-event@1.0.0:
  version "1.0.0"
  resolved "https://registry.yarnpkg.com/custom-event/-/custom-event-1.0.0.tgz#2e4628be19dc4b214b5c02630c5971e811618062"

deepmerge@^1.2.0:
  version "1.5.2"
  resolved "https://registry.yarnpkg.com/deepmerge/-/deepmerge-1.5.2.tgz#10499d868844cdad4fee0842df8c7f6f0c95a753"

deepmerge@^2.1.0:
  version "2.1.0"
  resolved "https://registry.yarnpkg.com/deepmerge/-/deepmerge-2.1.0.tgz#511a54fff405fc346f0240bb270a3e9533a31102"

dom-align@1.x:
  version "1.6.7"
  resolved "https://registry.yarnpkg.com/dom-align/-/dom-align-1.6.7.tgz#6858138efb6b77405ce99146d0be5e4f7282813f"

dom-closest@^0.2.0:
  version "0.2.0"
  resolved "https://registry.yarnpkg.com/dom-closest/-/dom-closest-0.2.0.tgz#ebd9f91d1bf22e8d6f477876bbcd3ec90216c0cf"
  dependencies:
    dom-matches ">=1.0.1"

dom-matches@>=1.0.1:
  version "2.0.0"
  resolved "https://registry.yarnpkg.com/dom-matches/-/dom-matches-2.0.0.tgz#d2728b416a87533980eb089b848d253cf23a758c"

dom-scroll-into-view@1.x, dom-scroll-into-view@^1.2.0:
  version "1.2.1"
  resolved "https://registry.yarnpkg.com/dom-scroll-into-view/-/dom-scroll-into-view-1.2.1.tgz#e8f36732dd089b0201a88d7815dc3f88e6d66c7e"

dom4@^2.0.1:
  version "2.0.1"
  resolved "https://registry.yarnpkg.com/dom4/-/dom4-2.0.1.tgz#03000cbea1ec33b3dde8cfd7a0cf77587d27e9d5"

draft-js@^0.10.0, draft-js@~0.10.0:
  version "0.10.5"
  resolved "https://registry.yarnpkg.com/draft-js/-/draft-js-0.10.5.tgz#bfa9beb018fe0533dbb08d6675c371a6b08fa742"
  dependencies:
    fbjs "^0.8.15"
    immutable "~3.7.4"
    object-assign "^4.1.0"

dragula@3.7.2:
  version "3.7.2"
  resolved "https://registry.yarnpkg.com/dragula/-/dragula-3.7.2.tgz#4a35c9d3981ffac1a949c29ca7285058e87393ce"
  dependencies:
    contra "1.9.4"
    crossvent "1.5.4"

element-resize-detector@^1.1.14:
  version "1.1.14"
  resolved "https://registry.yarnpkg.com/element-resize-detector/-/element-resize-detector-1.1.14.tgz#af064a0a618a820ad570a95c5eec5b77be0128c1"
  dependencies:
    batch-processor "^1.0.0"

element-ui@2.3.5:
  version "2.3.5"
  resolved "https://registry.yarnpkg.com/element-ui/-/element-ui-2.3.5.tgz#b094ff4452a58a728100bd06b4d3b75c2b889942"
  dependencies:
    async-validator "~1.8.1"
    babel-helper-vue-jsx-merge-props "^2.0.0"
    deepmerge "^1.2.0"
    normalize-wheel "^1.0.1"
    resize-observer-polyfill "^1.5.0"
    throttle-debounce "^1.0.1"

encoding@^0.1.11:
  version "0.1.12"
  resolved "https://registry.yarnpkg.com/encoding/-/encoding-0.1.12.tgz#538b66f3ee62cd1ab51ec323829d1f9480c74beb"
  dependencies:
    iconv-lite "~0.4.13"

enquire.js@^2.1.1, enquire.js@^2.1.6:
  version "2.1.6"
  resolved "https://registry.yarnpkg.com/enquire.js/-/enquire.js-2.1.6.tgz#3e8780c9b8b835084c3f60e166dbc3c2a3c89814"

entities@~1.1.1:
  version "1.1.1"
  resolved "https://registry.yarnpkg.com/entities/-/entities-1.1.1.tgz#6e5c2d0a5621b5dadaecef80b90edfb5cd7772f0"

eventlistener@0.0.1:
  version "0.0.1"
  resolved "https://registry.yarnpkg.com/eventlistener/-/eventlistener-0.0.1.tgz#ed2baabb852227af2bcf889152c72c63ca532eb8"

fbjs@^0.8.15, fbjs@^0.8.16, fbjs@^0.8.9:
  version "0.8.16"
  resolved "https://registry.yarnpkg.com/fbjs/-/fbjs-0.8.16.tgz#5e67432f550dc41b572bf55847b8aca64e5337db"
  dependencies:
    core-js "^1.0.0"
    isomorphic-fetch "^2.1.1"
    loose-envify "^1.0.0"
    object-assign "^4.1.0"
    promise "^7.1.1"
    setimmediate "^1.0.5"
    ua-parser-js "^0.7.9"

file-uploader-component@7:
  version "7.2.2"
  resolved "https://registry.yarnpkg.com/file-uploader-component/-/file-uploader-component-7.2.2.tgz#623125c272cbc08fc0cba74028e8958d346a0b3f"
  dependencies:
    tslib "1"

font-awesome@4.7.0:
  version "4.7.0"
  resolved "https://registry.yarnpkg.com/font-awesome/-/font-awesome-4.7.0.tgz#8fa8cf0411a1a31afd07b06d2902bb9fc815a133"

github-fork-ribbon-css@0.2.1:
  version "0.2.1"
  resolved "https://registry.yarnpkg.com/github-fork-ribbon-css/-/github-fork-ribbon-css-0.2.1.tgz#7b41c2d3109c0225eae363132ddbb127b6186ea2"

hammerjs@^2.0.8:
  version "2.0.8"
  resolved "https://registry.yarnpkg.com/hammerjs/-/hammerjs-2.0.8.tgz#04ef77862cff2bb79d30f7692095930222bf60f1"

highlight.js@9.12.0:
  version "9.12.0"
  resolved "https://registry.yarnpkg.com/highlight.js/-/highlight.js-9.12.0.tgz#e6d9dbe57cbefe60751f02af336195870c90c01e"

hoist-non-react-statics@^2.3.1:
  version "2.5.0"
  resolved "https://registry.yarnpkg.com/hoist-non-react-statics/-/hoist-non-react-statics-2.5.0.tgz#d2ca2dfc19c5a91c5a6615ce8e564ef0347e2a40"

iconv-lite@~0.4.13:
  version "0.4.21"
  resolved "https://registry.yarnpkg.com/iconv-lite/-/iconv-lite-0.4.21.tgz#c47f8733d02171189ebc4a400f3218d348094798"
  dependencies:
    safer-buffer "^2.1.0"

immutable@^3.7.4:
  version "3.8.2"
  resolved "https://registry.yarnpkg.com/immutable/-/immutable-3.8.2.tgz#c2439951455bb39913daf281376f1530e104adf3"

immutable@~3.7.4:
  version "3.7.6"
  resolved "https://registry.yarnpkg.com/immutable/-/immutable-3.7.6.tgz#13b4d3cb12befa15482a26fe1b2ebae640071e4b"

is-negative-zero@^2.0.0:
  version "2.0.0"
  resolved "https://registry.yarnpkg.com/is-negative-zero/-/is-negative-zero-2.0.0.tgz#9553b121b0fac28869da9ed459e20c7543788461"

is-stream@^1.0.1:
  version "1.1.0"
  resolved "https://registry.yarnpkg.com/is-stream/-/is-stream-1.1.0.tgz#12d4a3dd4e68e0b79ceb8dbc84173ae80d91ca44"

isomorphic-fetch@^2.1.1:
  version "2.2.1"
  resolved "https://registry.yarnpkg.com/isomorphic-fetch/-/isomorphic-fetch-2.2.1.tgz#611ae1acf14f5e81f729507472819fe9733558a9"
  dependencies:
    node-fetch "^1.0.1"
    whatwg-fetch ">=0.10.0"

iview@2.13.0:
  version "2.13.0"
  resolved "https://registry.yarnpkg.com/iview/-/iview-2.13.0.tgz#34cab55267e1f9a3bde4cbf8bd35ceff2f41b7fb"
  dependencies:
    async-validator "^1.8.2"
    deepmerge "^2.1.0"
    element-resize-detector "^1.1.14"
    js-calendar "^1.2.3"
    lodash.throttle "^4.1.1"
    popper.js "^1.14.1"
    tinycolor2 "^1.4.1"

js-calendar@^1.2.3:
  version "1.2.3"
  resolved "https://registry.yarnpkg.com/js-calendar/-/js-calendar-1.2.3.tgz#a583b0644b4e695ba394f344d103dbcc7a7a7d3e"

js-tokens@^3.0.0:
  version "3.0.2"
  resolved "https://registry.yarnpkg.com/js-tokens/-/js-tokens-3.0.2.tgz#9866df395102130e38f7f996bceb65443209c25b"

json2mq@^0.2.0:
  version "0.2.0"
  resolved "https://registry.yarnpkg.com/json2mq/-/json2mq-0.2.0.tgz#b637bd3ba9eabe122c83e9720483aeb10d2c904a"
  dependencies:
    string-convert "^0.2.0"

linkify-it@^2.0.0:
  version "2.0.3"
  resolved "https://registry.yarnpkg.com/linkify-it/-/linkify-it-2.0.3.tgz#d94a4648f9b1c179d64fa97291268bdb6ce9434f"
  dependencies:
    uc.micro "^1.0.1"

lodash._getnative@^3.0.0:
  version "3.9.1"
  resolved "https://registry.yarnpkg.com/lodash._getnative/-/lodash._getnative-3.9.1.tgz#570bc7dede46d61cdcde687d65d3eecbaa3aaff5"

lodash.debounce@^4.0.0:
  version "4.0.8"
  resolved "https://registry.yarnpkg.com/lodash.debounce/-/lodash.debounce-4.0.8.tgz#82d79bff30a67c4005ffd5e2515300ad9ca4d7af"

lodash.isarguments@^3.0.0:
  version "3.1.0"
  resolved "https://registry.yarnpkg.com/lodash.isarguments/-/lodash.isarguments-3.1.0.tgz#2f573d85c6a24289ff00663b491c1d338ff3458a"

lodash.isarray@^3.0.0:
  version "3.0.4"
  resolved "https://registry.yarnpkg.com/lodash.isarray/-/lodash.isarray-3.0.4.tgz#79e4eb88c36a8122af86f844aa9bcd851b5fbb55"

lodash.isinteger@4:
  version "4.0.4"
  resolved "https://registry.yarnpkg.com/lodash.isinteger/-/lodash.isinteger-4.0.4.tgz#619c0af3d03f8b04c31f5882840b77b11cd68343"

lodash.isobject@3:
  version "3.0.2"
  resolved "https://registry.yarnpkg.com/lodash.isobject/-/lodash.isobject-3.0.2.tgz#3c8fb8d5b5bf4bf90ae06e14f2a530a4ed935e1d"

lodash.keys@^3.1.2:
  version "3.1.2"
  resolved "https://registry.yarnpkg.com/lodash.keys/-/lodash.keys-3.1.2.tgz#4dbc0472b156be50a0b286855d1bd0b0c656098a"
  dependencies:
    lodash._getnative "^3.0.0"
    lodash.isarguments "^3.0.0"
    lodash.isarray "^3.0.0"

lodash.throttle@^4.0.0, lodash.throttle@^4.1.1:
  version "4.1.1"
  resolved "https://registry.yarnpkg.com/lodash.throttle/-/lodash.throttle-4.1.1.tgz#c23e91b710242ac70c37f1e1cda9274cc39bf2f4"

lodash.tointeger@4:
  version "4.0.4"
  resolved "https://registry.yarnpkg.com/lodash.tointeger/-/lodash.tointeger-4.0.4.tgz#65e655acaa724e26d3fef57effc46970e1cd17e6"

lodash.tonumber@4:
  version "4.0.3"
  resolved "https://registry.yarnpkg.com/lodash.tonumber/-/lodash.tonumber-4.0.3.tgz#0b96b31b35672793eb7f5a63ee791f1b9e9025d9"

lodash@^4.16.5, lodash@^4.17.4, lodash@^4.17.5:
  version "4.17.5"
  resolved "https://registry.yarnpkg.com/lodash/-/lodash-4.17.5.tgz#99a92d65c0272debe8c96b6057bc8fbfa3bed511"

loose-envify@^1.0.0, loose-envify@^1.3.1:
  version "1.3.1"
  resolved "https://registry.yarnpkg.com/loose-envify/-/loose-envify-1.3.1.tgz#d1a8ad33fa9ce0e713d65fdd0ac8b748d478c848"
  dependencies:
    js-tokens "^3.0.0"

markdown-it@8.4.1:
  version "8.4.1"
  resolved "https://registry.yarnpkg.com/markdown-it/-/markdown-it-8.4.1.tgz#206fe59b0e4e1b78a7c73250af9b34a4ad0aaf44"
  dependencies:
    argparse "^1.0.7"
    entities "~1.1.1"
    linkify-it "^2.0.0"
    mdurl "^1.0.1"
    uc.micro "^1.0.5"

markdown-tip@6:
  version "6.2.0"
  resolved "https://registry.yarnpkg.com/markdown-tip/-/markdown-tip-6.2.0.tgz#716ed6e74f4f3516a21f9f93211c94fdadea6b34"
  dependencies:
    tslib "1"

mdurl@^1.0.1:
  version "1.0.1"
  resolved "https://registry.yarnpkg.com/mdurl/-/mdurl-1.0.1.tgz#fe85b2ec75a59037f2adfec100fd6c601761152e"

mini-store@^1.0.2:
  version "1.1.0"
  resolved "https://registry.yarnpkg.com/mini-store/-/mini-store-1.1.0.tgz#4d6b3fb5c89aa0303d9b39475efb3439cd42f04f"
  dependencies:
    hoist-non-react-statics "^2.3.1"
    prop-types "^15.6.0"
    shallowequal "^1.0.2"

moment@2.x, moment@^2.19.3:
  version "2.22.1"
  resolved "https://registry.yarnpkg.com/moment/-/moment-2.22.1.tgz#529a2e9bf973f259c9643d237fda84de3a26e8ad"

node-fetch@^1.0.1:
  version "1.7.3"
  resolved "https://registry.yarnpkg.com/node-fetch/-/node-fetch-1.7.3.tgz#980f6f72d85211a5347c6b2bc18c5b84c3eb47ef"
  dependencies:
    encoding "^0.1.11"
    is-stream "^1.0.1"

normalize-wheel@^1.0.1:
  version "1.0.1"
  resolved "https://registry.yarnpkg.com/normalize-wheel/-/normalize-wheel-1.0.1.tgz#aec886affdb045070d856447df62ecf86146ec45"

normalize.css@^8.0.0:
  version "8.0.0"
  resolved "https://registry.yarnpkg.com/normalize.css/-/normalize.css-8.0.0.tgz#14ac5e461612538a4ce9be90a7da23f86e718493"

object-assign@4.x, object-assign@^4.1.0, object-assign@^4.1.1:
  version "4.1.1"
  resolved "https://registry.yarnpkg.com/object-assign/-/object-assign-4.1.1.tgz#2109adc7965887cfc05cbbd442cac8bfbb360863"

omit.js@^1.0.0:
  version "1.0.0"
  resolved "https://registry.yarnpkg.com/omit.js/-/omit.js-1.0.0.tgz#e013cb86a7517b9cf6f7cfb0ddb4297256a99288"
  dependencies:
    babel-runtime "^6.23.0"

popper.js@^1.12.9, popper.js@^1.14.1:
  version "1.14.3"
  resolved "https://registry.yarnpkg.com/popper.js/-/popper.js-1.14.3.tgz#1438f98d046acf7b4d78cd502bf418ac64d4f095"

promise@^7.1.1:
  version "7.3.1"
  resolved "https://registry.yarnpkg.com/promise/-/promise-7.3.1.tgz#064b72602b18f90f29192b8b1bc418ffd1ebd3bf"
  dependencies:
    asap "~2.0.3"

prop-types@15.x, prop-types@^15.5.10, prop-types@^15.5.4, prop-types@^15.5.6, prop-types@^15.5.7, prop-types@^15.5.8, prop-types@^15.5.9, prop-types@^15.6.0:
  version "15.6.1"
  resolved "https://registry.yarnpkg.com/prop-types/-/prop-types-15.6.1.tgz#36644453564255ddda391191fb3a125cbdf654ca"
  dependencies:
    fbjs "^0.8.16"
    loose-envify "^1.3.1"
    object-assign "^4.1.1"

rc-align@2.x:
  version "2.3.6"
  resolved "https://registry.yarnpkg.com/rc-align/-/rc-align-2.3.6.tgz#35046d2ac25771b1e5cbd600eae8f862c450f9e6"
  dependencies:
    babel-runtime "^6.26.0"
    dom-align "1.x"
    prop-types "^15.5.8"
    rc-util "^4.0.4"
    shallowequal "^1.0.2"

rc-animate@2.x, rc-animate@^2.0.2, rc-animate@^2.3.0, rc-animate@^2.4.1:
  version "2.4.4"
  resolved "https://registry.yarnpkg.com/rc-animate/-/rc-animate-2.4.4.tgz#a05a784c747beef140d99ff52b6117711bef4b1e"
  dependencies:
    babel-runtime "6.x"
    css-animation "^1.3.2"
    prop-types "15.x"

rc-calendar@~9.6.0:
  version "9.6.0"
  resolved "https://registry.yarnpkg.com/rc-calendar/-/rc-calendar-9.6.0.tgz#666fbbbd4b5558e933e655a8033807bc6742b4b0"
  dependencies:
    babel-runtime "6.x"
    classnames "2.x"
    create-react-class "^15.5.2"
    moment "2.x"
    prop-types "^15.5.8"
    rc-trigger "^2.2.0"
    rc-util "^4.1.1"

rc-cascader@~0.12.0:
  version "0.12.2"
  resolved "https://registry.yarnpkg.com/rc-cascader/-/rc-cascader-0.12.2.tgz#2d08fe44b504364137d3c748f51ac393483e7b3b"
  dependencies:
    array-tree-filter "^1.0.0"
    prop-types "^15.5.8"
    rc-trigger "^2.2.0"
    rc-util "^4.0.4"
    shallow-equal "^1.0.0"

rc-checkbox@~2.1.5:
  version "2.1.5"
  resolved "https://registry.yarnpkg.com/rc-checkbox/-/rc-checkbox-2.1.5.tgz#411858448c0ee2a797ef8544dac63bcaeef722ef"
  dependencies:
    babel-runtime "^6.23.0"
    classnames "2.x"
    prop-types "15.x"
    rc-util "^4.0.4"

rc-collapse@~1.8.0:
  version "1.8.0"
  resolved "https://registry.yarnpkg.com/rc-collapse/-/rc-collapse-1.8.0.tgz#107bd9193e36b1ec5381c9ed9ff4f7245a79adb5"
  dependencies:
    classnames "2.x"
    css-animation "1.x"
    prop-types "^15.5.6"
    rc-animate "2.x"

rc-dialog@~7.1.0:
  version "7.1.4"
  resolved "https://registry.yarnpkg.com/rc-dialog/-/rc-dialog-7.1.4.tgz#240c67461d875e49f5d3dd1677351963bcce790a"
  dependencies:
    babel-runtime "6.x"
    rc-animate "2.x"
    rc-util "^4.4.0"

rc-dropdown@~2.1.0:
  version "2.1.1"
  resolved "https://registry.yarnpkg.com/rc-dropdown/-/rc-dropdown-2.1.1.tgz#fe3c888ba832860a57fea8afd35d51bfc1bc7c54"
  dependencies:
    babel-runtime "^6.26.0"
    prop-types "^15.5.8"
    rc-trigger "^2.2.2"

rc-editor-core@~0.8.3:
  version "0.8.6"
  resolved "https://registry.yarnpkg.com/rc-editor-core/-/rc-editor-core-0.8.6.tgz#e48b288286effb3272cbc9c6f801450dcdb0b247"
  dependencies:
    babel-runtime "^6.26.0"
    classnames "^2.2.5"
    draft-js "^0.10.0"
    immutable "^3.7.4"
    lodash "^4.16.5"
    prop-types "^15.5.8"
    setimmediate "^1.0.5"

rc-editor-mention@^1.0.2:
  version "1.1.6"
  resolved "https://registry.yarnpkg.com/rc-editor-mention/-/rc-editor-mention-1.1.6.tgz#acbb92661e2392f971f8d8ad1c235b084796c895"
  dependencies:
    babel-runtime "^6.23.0"
    classnames "^2.2.5"
    dom-scroll-into-view "^1.2.0"
    draft-js "~0.10.0"
    prop-types "^15.5.8"
    rc-animate "^2.3.0"
    rc-editor-core "~0.8.3"

rc-form@^2.1.0:
  version "2.2.0"
  resolved "https://registry.yarnpkg.com/rc-form/-/rc-form-2.2.0.tgz#ea596c6c92c7df6092f95cbbf8f15014ea07e9f5"
  dependencies:
    async-validator "1.x"
    babel-runtime "6.x"
    create-react-class "^15.5.3"
    dom-scroll-into-view "1.x"
    hoist-non-react-statics "^2.3.1"
    lodash "^4.17.4"
    warning "^3.0.0"

rc-hammerjs@~0.6.0:
  version "0.6.9"
  resolved "https://registry.yarnpkg.com/rc-hammerjs/-/rc-hammerjs-0.6.9.tgz#9a4ddbda1b2ec8f9b9596091a6a989842a243907"
  dependencies:
    babel-runtime "6.x"
    hammerjs "^2.0.8"
    prop-types "^15.5.9"

rc-input-number@~4.0.0:
  version "4.0.5"
  resolved "https://registry.yarnpkg.com/rc-input-number/-/rc-input-number-4.0.5.tgz#aea46512b73a573462b52827b04d78ac7e6ba6e6"
  dependencies:
    babel-runtime "6.x"
    classnames "^2.2.0"
    is-negative-zero "^2.0.0"
    prop-types "^15.5.7"
    rmc-feedback "^1.0.0"

rc-menu@^6.1.0, rc-menu@~6.2.0:
  version "6.2.10"
  resolved "https://registry.yarnpkg.com/rc-menu/-/rc-menu-6.2.10.tgz#d8a4ce5637ac51c1c539c4c6d0996e0ced5122ec"
  dependencies:
    babel-runtime "6.x"
    classnames "2.x"
    create-react-class "^15.5.2"
    dom-scroll-into-view "1.x"
    mini-store "^1.0.2"
    prop-types "^15.5.6"
    rc-animate "2.x"
    rc-trigger "^2.3.0"
    rc-util "^4.1.0"

rc-notification@~3.0.0:
  version "3.0.1"
  resolved "https://registry.yarnpkg.com/rc-notification/-/rc-notification-3.0.1.tgz#9ddcb831895ad40943a7e1df34951aa705173bce"
  dependencies:
    babel-runtime "6.x"
    classnames "2.x"
    prop-types "^15.5.8"
    rc-animate "2.x"
    rc-util "^4.0.4"

rc-pagination@~1.16.1:
  version "1.16.3"
  resolved "https://registry.yarnpkg.com/rc-pagination/-/rc-pagination-1.16.3.tgz#2d3780a129c290c2e2e85a71b6723a8301484c2e"
  dependencies:
    babel-runtime "6.x"
    prop-types "^15.5.7"

rc-progress@~2.2.2:
  version "2.2.5"
  resolved "https://registry.yarnpkg.com/rc-progress/-/rc-progress-2.2.5.tgz#e61d0544bf9d4208e5ba32fc50962159e7f952a3"
  dependencies:
    babel-runtime "6.x"
    prop-types "^15.5.8"

rc-rate@~2.4.0:
  version "2.4.0"
  resolved "https://registry.yarnpkg.com/rc-rate/-/rc-rate-2.4.0.tgz#97ebcc5876e2e498b9f5f65ced256d8ab54e5f06"
  dependencies:
    babel-runtime "^6.26.0"
    classnames "^2.2.5"
    prop-types "^15.5.8"
    rc-util "^4.3.0"

rc-select@~7.7.0:
  version "7.7.8"
  resolved "https://registry.yarnpkg.com/rc-select/-/rc-select-7.7.8.tgz#333c7e4df349986a566b360d62101e4176d772c7"
  dependencies:
    babel-runtime "^6.23.0"
    classnames "2.x"
    component-classes "1.x"
    dom-scroll-into-view "1.x"
    prop-types "^15.5.8"
    rc-animate "2.x"
    rc-menu "^6.1.0"
    rc-trigger "^2.2.0"
    rc-util "^4.0.4"
    warning "^3.0.0"

rc-slider@~8.6.0:
  version "8.6.1"
  resolved "https://registry.yarnpkg.com/rc-slider/-/rc-slider-8.6.1.tgz#ee5e0380dbdf4b5de6955a265b0d4ff6196405d1"
  dependencies:
    babel-runtime "6.x"
    classnames "^2.2.5"
    prop-types "^15.5.4"
    rc-tooltip "^3.7.0"
    rc-util "^4.0.4"
    shallowequal "^1.0.1"
    warning "^3.0.0"

rc-steps@~3.1.0:
  version "3.1.1"
  resolved "https://registry.yarnpkg.com/rc-steps/-/rc-steps-3.1.1.tgz#79583ad808309d82b8e011676321d153fd7ca403"
  dependencies:
    babel-runtime "^6.23.0"
    classnames "^2.2.3"
    lodash "^4.17.5"
    prop-types "^15.5.7"

rc-switch@~1.6.0:
  version "1.6.0"
  resolved "https://registry.yarnpkg.com/rc-switch/-/rc-switch-1.6.0.tgz#c2d7369bdb87c1fd45e84989a27c1fb2f201d2fd"
  dependencies:
    babel-runtime "^6.23.0"
    classnames "^2.2.1"
    prop-types "^15.5.6"

rc-table@~6.1.0:
  version "6.1.10"
  resolved "https://registry.yarnpkg.com/rc-table/-/rc-table-6.1.10.tgz#b2749f127cfb76d7f331fd2e80cfe48c30b6edef"
  dependencies:
    babel-runtime "6.x"
    component-classes "^1.2.6"
    lodash "^4.17.5"
    mini-store "^1.0.2"
    prop-types "^15.5.8"
    rc-util "^4.0.4"
    react-lifecycles-compat "^3.0.2"
    shallowequal "^1.0.2"
    warning "^3.0.0"

rc-tabs@~9.2.0:
  version "9.2.5"
  resolved "https://registry.yarnpkg.com/rc-tabs/-/rc-tabs-9.2.5.tgz#fdd8e0633247f50c533030b73e3992270849f1f6"
  dependencies:
    babel-runtime "6.x"
    classnames "2.x"
    create-react-class "15.x"
    lodash "^4.17.5"
    prop-types "15.x"
    rc-hammerjs "~0.6.0"
    rc-util "^4.0.4"
    warning "^3.0.0"

rc-time-picker@~3.3.0:
  version "3.3.1"
  resolved "https://registry.yarnpkg.com/rc-time-picker/-/rc-time-picker-3.3.1.tgz#94f8bbd51e6b93de1f01e78064aef1e6d765b367"
  dependencies:
    babel-runtime "6.x"
    classnames "2.x"
    moment "2.x"
    prop-types "^15.5.8"
    rc-trigger "^2.2.0"

rc-tooltip@^3.7.0, rc-tooltip@~3.7.0:
  version "3.7.2"
  resolved "https://registry.yarnpkg.com/rc-tooltip/-/rc-tooltip-3.7.2.tgz#3698656d4bacd51b72d9e327bed15d1d5a9f1b27"
  dependencies:
    babel-runtime "6.x"
    prop-types "^15.5.8"
    rc-trigger "^2.2.2"

rc-tree-select@~1.12.0:
  version "1.12.11"
  resolved "https://registry.yarnpkg.com/rc-tree-select/-/rc-tree-select-1.12.11.tgz#6fabf6bee56d422c4408b3b237f358ee33505c80"
  dependencies:
    babel-runtime "^6.23.0"
    classnames "^2.2.1"
    prop-types "^15.5.8"
    rc-animate "^2.0.2"
    rc-tree "~1.7.1"
    rc-trigger "^2.2.2"
    rc-util "^4.5.0"

rc-tree@~1.7.1:
  version "1.7.11"
  resolved "https://registry.yarnpkg.com/rc-tree/-/rc-tree-1.7.11.tgz#349de6383fc7d22bf4c13b0751794111022adddf"
  dependencies:
    babel-runtime "^6.23.0"
    classnames "2.x"
    prop-types "^15.5.8"
    rc-animate "2.x"
    rc-util "^4.0.4"
    warning "^3.0.0"

rc-tree@~1.8.0:
  version "1.8.3"
  resolved "https://registry.yarnpkg.com/rc-tree/-/rc-tree-1.8.3.tgz#2875e83bc951b5ed7577c1038490f8245d79a37f"
  dependencies:
    babel-runtime "^6.23.0"
    classnames "2.x"
    prop-types "^15.5.8"
    rc-animate "2.x"
    rc-util "^4.0.4"
    warning "^3.0.0"

rc-trigger@^2.2.0, rc-trigger@^2.2.2, rc-trigger@^2.3.0:
  version "2.3.4"
  resolved "https://registry.yarnpkg.com/rc-trigger/-/rc-trigger-2.3.4.tgz#389dfa5e834ecc3a446fe9cefc0b4a32900f4227"
  dependencies:
    babel-runtime "6.x"
    prop-types "15.x"
    rc-align "2.x"
    rc-animate "2.x"
    rc-util "^4.4.0"

rc-upload@~2.4.0:
  version "2.4.4"
  resolved "https://registry.yarnpkg.com/rc-upload/-/rc-upload-2.4.4.tgz#28e1e6a3e44d1b1f92e57e21927cfa2763ac2a21"
  dependencies:
    babel-runtime "6.x"
    classnames "^2.2.5"
    prop-types "^15.5.7"
    warning "2.x"

rc-util@^4.0.4, rc-util@^4.1.0, rc-util@^4.1.1, rc-util@^4.3.0, rc-util@^4.4.0, rc-util@^4.5.0:
  version "4.5.0"
  resolved "https://registry.yarnpkg.com/rc-util/-/rc-util-4.5.0.tgz#3183e6ec806f382efb2d3e85770d95875fa6180f"
  dependencies:
    add-dom-event-listener "1.x"
    babel-runtime "6.x"
    prop-types "^15.5.10"
    shallowequal "^0.2.2"

react-lazy-load@^3.0.12:
  version "3.0.13"
  resolved "https://registry.yarnpkg.com/react-lazy-load/-/react-lazy-load-3.0.13.tgz#3b0a92d336d43d3f0d73cbe6f35b17050b08b824"
  dependencies:
    eventlistener "0.0.1"
    lodash.debounce "^4.0.0"
    lodash.throttle "^4.0.0"
    prop-types "^15.5.8"

react-lifecycles-compat@^3.0.2:
  version "3.0.2"
  resolved "https://registry.yarnpkg.com/react-lifecycles-compat/-/react-lifecycles-compat-3.0.2.tgz#7279047275bd727a912e25f734c0559527e84eff"

react-popper@^0.8.2:
  version "0.8.3"
  resolved "https://registry.yarnpkg.com/react-popper/-/react-popper-0.8.3.tgz#0f73333137c9fb0af6ec4074d2d0585a0a0461e1"
  dependencies:
    popper.js "^1.12.9"
    prop-types "^15.6.0"

react-slick@~0.22.3:
  version "0.22.3"
  resolved "https://registry.yarnpkg.com/react-slick/-/react-slick-0.22.3.tgz#667991b2496e6b10bcca2a2e676ffadf34e7d56c"
  dependencies:
    can-use-dom "^0.1.0"
    classnames "^2.2.5"
    create-react-class "^15.5.2"
    enquire.js "^2.1.6"
    json2mq "^0.2.0"
    resize-observer-polyfill "^1.5.0"

regenerator-runtime@^0.11.0:
  version "0.11.1"
  resolved "https://registry.yarnpkg.com/regenerator-runtime/-/regenerator-runtime-0.11.1.tgz#be05ad7f9bf7d22e056f9726cee5017fbf19e2e9"

resize-observer-polyfill@^1.5.0:
  version "1.5.0"
  resolved "https://registry.yarnpkg.com/resize-observer-polyfill/-/resize-observer-polyfill-1.5.0.tgz#660ff1d9712a2382baa2cad450a4716209f9ca69"

rmc-feedback@^1.0.0:
  version "1.0.4"
  resolved "https://registry.yarnpkg.com/rmc-feedback/-/rmc-feedback-1.0.4.tgz#fba066059ae2057ac0e0b53ea7ce982c8f4f7f19"
  dependencies:
    babel-runtime "6.x"
    classnames "^2.2.5"

safer-buffer@^2.1.0:
  version "2.1.2"
  resolved "https://registry.yarnpkg.com/safer-buffer/-/safer-buffer-2.1.2.tgz#44fa161b0187b9549dd84bb91802f9bd8385cd6a"

select2-component@5:
  version "5.3.0"
  resolved "https://registry.yarnpkg.com/select2-component/-/select2-component-5.3.0.tgz#42b655d30aa3abb81ea1e69319301efcfdaf9ff0"
  dependencies:
    "@types/node" "*"
    tslib "1"

setimmediate@^1.0.5:
  version "1.0.5"
  resolved "https://registry.yarnpkg.com/setimmediate/-/setimmediate-1.0.5.tgz#290cbb232e306942d7d7ea9b83732ab7856f8285"

shallow-equal@^1.0.0:
  version "1.0.0"
  resolved "https://registry.yarnpkg.com/shallow-equal/-/shallow-equal-1.0.0.tgz#508d1838b3de590ab8757b011b25e430900945f7"

shallowequal@^0.2.2:
  version "0.2.2"
  resolved "https://registry.yarnpkg.com/shallowequal/-/shallowequal-0.2.2.tgz#1e32fd5bcab6ad688a4812cb0cc04efc75c7014e"
  dependencies:
    lodash.keys "^3.1.2"

shallowequal@^1.0.1, shallowequal@^1.0.2:
  version "1.0.2"
  resolved "https://registry.yarnpkg.com/shallowequal/-/shallowequal-1.0.2.tgz#1561dbdefb8c01408100319085764da3fcf83f8f"

sprintf-js@~1.0.2:
  version "1.0.3"
  resolved "https://registry.yarnpkg.com/sprintf-js/-/sprintf-js-1.0.3.tgz#04e6926f662895354f3dd015203633b857297e2c"

string-convert@^0.2.0:
  version "0.2.1"
  resolved "https://registry.yarnpkg.com/string-convert/-/string-convert-0.2.1.tgz#6982cc3049fbb4cd85f8b24568b9d9bf39eeff97"

throttle-debounce@^1.0.1:
  version "1.0.1"
  resolved "https://registry.yarnpkg.com/throttle-debounce/-/throttle-debounce-1.0.1.tgz#dad0fe130f9daf3719fdea33dc36a8e6ba7f30b5"

ticky@1.0.1:
  version "1.0.1"
  resolved "https://registry.yarnpkg.com/ticky/-/ticky-1.0.1.tgz#b7cfa71e768f1c9000c497b9151b30947c50e46d"

tinycolor2@^1.4.1:
  version "1.4.1"
  resolved "https://registry.yarnpkg.com/tinycolor2/-/tinycolor2-1.4.1.tgz#f4fad333447bc0b07d4dc8e9209d8f39a8ac77e8"

tslib@1, tslib@^1.9.0:
  version "1.9.0"
  resolved "https://registry.yarnpkg.com/tslib/-/tslib-1.9.0.tgz#e37a86fda8cbbaf23a057f473c9f4dc64e5fc2e8"

ua-parser-js@^0.7.9:
  version "0.7.17"
  resolved "https://registry.yarnpkg.com/ua-parser-js/-/ua-parser-js-0.7.17.tgz#e9ec5f9498b9ec910e7ae3ac626a805c4d09ecac"

uc.micro@^1.0.1, uc.micro@^1.0.5:
  version "1.0.5"
  resolved "https://registry.yarnpkg.com/uc.micro/-/uc.micro-1.0.5.tgz#0c65f15f815aa08b560a61ce8b4db7ffc3f45376"

warning@2.x:
  version "2.1.0"
  resolved "https://registry.yarnpkg.com/warning/-/warning-2.1.0.tgz#21220d9c63afc77a8c92111e011af705ce0c6901"
  dependencies:
    loose-envify "^1.0.0"

warning@^3.0.0, warning@~3.0.0:
  version "3.0.0"
  resolved "https://registry.yarnpkg.com/warning/-/warning-3.0.0.tgz#32e5377cb572de4ab04753bdf8821c01ed605b7c"
  dependencies:
    loose-envify "^1.0.0"

whatwg-fetch@>=0.10.0:
  version "2.0.4"
  resolved "https://registry.yarnpkg.com/whatwg-fetch/-/whatwg-fetch-2.0.4.tgz#dde6a5df315f9d39991aa17621853d720b85566f"
