# THIS IS AN AUTOGENERATED FILE. DO NOT EDIT THIS FILE DIRECTLY.
# yarn lockfile v1


"@types/node@*":
  version "9.3.0"
  resolved "https://registry.yarnpkg.com/@types/node/-/node-9.3.0.tgz#3a129cda7c4e5df2409702626892cb4b96546dd5"

argparse@^1.0.7:
  version "1.0.9"
  resolved "https://registry.yarnpkg.com/argparse/-/argparse-1.0.9.tgz#73d83bc263f86e97f8cc4f6bae1b0e90a7d22c86"
  dependencies:
    sprintf-js "~1.0.2"

atoa@1.0.0:
  version "1.0.0"
  resolved "https://registry.yarnpkg.com/atoa/-/atoa-1.0.0.tgz#0cc0e91a480e738f923ebc103676471779b34a49"

bootstrap@3.3.7:
  version "3.3.7"
  resolved "https://registry.yarnpkg.com/bootstrap/-/bootstrap-3.3.7.tgz#5a389394549f23330875a3b150656574f8a9eb71"

contra@1.9.4:
  version "1.9.4"
  resolved "https://registry.yarnpkg.com/contra/-/contra-1.9.4.tgz#f53bde42d7e5b5985cae4d99a8d610526de8f28d"
  dependencies:
    atoa "1.0.0"
    ticky "1.0.1"

crossvent@1.5.4:
  version "1.5.4"
  resolved "https://registry.yarnpkg.com/crossvent/-/crossvent-1.5.4.tgz#da2c4f8f40c94782517bf2beec1044148194ab92"
  dependencies:
    custom-event "1.0.0"

custom-event@1.0.0:
  version "1.0.0"
  resolved "https://registry.yarnpkg.com/custom-event/-/custom-event-1.0.0.tgz#2e4628be19dc4b214b5c02630c5971e811618062"

dragula@3.7.2:
  version "3.7.2"
  resolved "https://registry.yarnpkg.com/dragula/-/dragula-3.7.2.tgz#4a35c9d3981ffac1a949c29ca7285058e87393ce"
  dependencies:
    contra "1.9.4"
    crossvent "1.5.4"

entities@~1.1.1:
  version "1.1.1"
  resolved "https://registry.yarnpkg.com/entities/-/entities-1.1.1.tgz#6e5c2d0a5621b5dadaecef80b90edfb5cd7772f0"

font-awesome@4.7.0:
  version "4.7.0"
  resolved "https://registry.yarnpkg.com/font-awesome/-/font-awesome-4.7.0.tgz#8fa8cf0411a1a31afd07b06d2902bb9fc815a133"

github-fork-ribbon-css@0.2.1:
  version "0.2.1"
  resolved "https://registry.yarnpkg.com/github-fork-ribbon-css/-/github-fork-ribbon-css-0.2.1.tgz#7b41c2d3109c0225eae363132ddbb127b6186ea2"

highlight.js@9.12.0:
  version "9.12.0"
  resolved "https://registry.yarnpkg.com/highlight.js/-/highlight.js-9.12.0.tgz#e6d9dbe57cbefe60751f02af336195870c90c01e"

linkify-it@^2.0.0:
  version "2.0.3"
  resolved "https://registry.yarnpkg.com/linkify-it/-/linkify-it-2.0.3.tgz#d94a4648f9b1c179d64fa97291268bdb6ce9434f"
  dependencies:
    uc.micro "^1.0.1"

lodash.isinteger@4:
  version "4.0.4"
  resolved "https://registry.yarnpkg.com/lodash.isinteger/-/lodash.isinteger-4.0.4.tgz#619c0af3d03f8b04c31f5882840b77b11cd68343"

lodash.isobject@3:
  version "3.0.2"
  resolved "https://registry.yarnpkg.com/lodash.isobject/-/lodash.isobject-3.0.2.tgz#3c8fb8d5b5bf4bf90ae06e14f2a530a4ed935e1d"

lodash.tointeger@4:
  version "4.0.4"
  resolved "https://registry.yarnpkg.com/lodash.tointeger/-/lodash.tointeger-4.0.4.tgz#65e655acaa724e26d3fef57effc46970e1cd17e6"

lodash.tonumber@4:
  version "4.0.3"
  resolved "https://registry.yarnpkg.com/lodash.tonumber/-/lodash.tonumber-4.0.3.tgz#0b96b31b35672793eb7f5a63ee791f1b9e9025d9"

markdown-it@8.4.0:
  version "8.4.0"
  resolved "https://registry.yarnpkg.com/markdown-it/-/markdown-it-8.4.0.tgz#e2400881bf171f7018ed1bd9da441dac8af6306d"
  dependencies:
    argparse "^1.0.7"
    entities "~1.1.1"
    linkify-it "^2.0.0"
    mdurl "^1.0.1"
    uc.micro "^1.0.3"

markdown-tip@6:
  version "6.1.1"
  resolved "https://registry.yarnpkg.com/markdown-tip/-/markdown-tip-6.1.1.tgz#bd2089398999733161584ad061d5d2159f2b0985"
  dependencies:
    tslib "1"

mdurl@^1.0.1:
  version "1.0.1"
  resolved "https://registry.yarnpkg.com/mdurl/-/mdurl-1.0.1.tgz#fe85b2ec75a59037f2adfec100fd6c601761152e"

select2-component@5:
  version "5.1.2"
  resolved "https://registry.yarnpkg.com/select2-component/-/select2-component-5.1.2.tgz#154acec43dd547f4caf73c99ff6cb31970662ec7"
  dependencies:
    "@types/node" "*"
    tslib "1"

sprintf-js@~1.0.2:
  version "1.0.3"
  resolved "https://registry.yarnpkg.com/sprintf-js/-/sprintf-js-1.0.3.tgz#04e6926f662895354f3dd015203633b857297e2c"

ticky@1.0.1:
  version "1.0.1"
  resolved "https://registry.yarnpkg.com/ticky/-/ticky-1.0.1.tgz#b7cfa71e768f1c9000c497b9151b30947c50e46d"

tslib@1:
  version "1.8.1"
  resolved "https://registry.yarnpkg.com/tslib/-/tslib-1.8.1.tgz#6946af2d1d651a7b1863b531d6e5afa41aa44eac"

uc.micro@^1.0.1, uc.micro@^1.0.3:
  version "1.0.3"
  resolved "https://registry.yarnpkg.com/uc.micro/-/uc.micro-1.0.3.tgz#7ed50d5e0f9a9fb0a573379259f2a77458d50192"
